
Microsoft Visual Studio Solution File, Format Version 12.00
# Visual Studio 15
VisualStudioVersion = 15.0.26403.7
MinimumVisualStudioVersion = 10.0.40219.1
Project("{FAE04EC0-301F-11D3-BF4B-00C04F79EFBC}") = "middleware", "middleware\middleware.csproj", "{5B7A55E2-8D33-4758-AD6F-B6815AD2FE91}"
EndProject
Project("{FAE04EC0-301F-11D3-BF4B-00C04F79EFBC}") = "SharedLibrary", "SharedLibrary\SharedLibrary.csproj", "{0377F4B4-BAC3-4822-A1C7-41BA2DED3811}"
EndProject
Global
	GlobalSection(SolutionConfigurationPlatforms) = preSolution
		Debug|Any CPU = Debug|Any CPU
		Release|Any CPU = Release|Any CPU
	EndGlobalSection
	GlobalSection(ProjectConfigurationPlatforms) = postSolution
		{5B7A55E2-8D33-4758-AD6F-B6815AD2FE91}.Debug|Any CPU.ActiveCfg = Debug|Any CPU
		{5B7A55E2-8D33-4758-AD6F-B6815AD2FE91}.Debug|Any CPU.Build.0 = Debug|Any CPU
		{5B7A55E2-8D33-4758-AD6F-B6815AD2FE91}.Release|Any CPU.ActiveCfg = Release|Any CPU
		{5B7A55E2-8D33-4758-AD6F-B6815AD2FE91}.Release|Any CPU.Build.0 = Release|Any CPU
		{0377F4B4-BAC3-4822-A1C7-41BA2DED3811}.Debug|Any CPU.ActiveCfg = Debug|Any CPU
		{0377F4B4-BAC3-4822-A1C7-41BA2DED3811}.Debug|Any CPU.Build.0 = Debug|Any CPU
		{0377F4B4-BAC3-4822-A1C7-41BA2DED3811}.Release|Any CPU.ActiveCfg = Release|Any CPU
		{0377F4B4-BAC3-4822-A1C7-41BA2DED3811}.Release|Any CPU.Build.0 = Release|Any CPU
	EndGlobalSection
	GlobalSection(SolutionProperties) = preSolution
		HideSolutionNode = FALSE
	EndGlobalSection
EndGlobal
