
Microsoft Visual Studio Solution File, Format Version 12.00
# Visual Studio 15
VisualStudioVersion = 15.0.28010.2036
MinimumVisualStudioVersion = 10.0.40219.1
Project("{FAE04EC0-301F-11D3-BF4B-00C04F79EFBC}") = "EF_CodeFirst", "EF_CodeFirst\EF_CodeFirst.csproj", "{FB017732-04B5-46E1-AD84-31A93EBB7E63}"
EndProject
Global
	GlobalSection(SolutionConfigurationPlatforms) = preSolution
		Debug|Any CPU = Debug|Any CPU
		Release|Any CPU = Release|Any CPU
	EndGlobalSection
	GlobalSection(ProjectConfigurationPlatforms) = postSolution
		{FB017732-04B5-46E1-AD84-31A93EBB7E63}.Debug|Any CPU.ActiveCfg = Debug|Any CPU
		{FB017732-04B5-46E1-AD84-31A93EBB7E63}.Debug|Any CPU.Build.0 = Debug|Any CPU
		{FB017732-04B5-46E1-AD84-31A93EBB7E63}.Release|Any CPU.ActiveCfg = Release|Any CPU
		{FB017732-04B5-46E1-AD84-31A93EBB7E63}.Release|Any CPU.Build.0 = Release|Any CPU
	EndGlobalSection
	GlobalSection(SolutionProperties) = preSolution
		HideSolutionNode = FALSE
	EndGlobalSection
	GlobalSection(ExtensibilityGlobals) = postSolution
		SolutionGuid = {A973BD9B-08A2-47E9-82F6-29C7FAD2A3F8}
	EndGlobalSection
EndGlobal
