
Microsoft Visual Studio Solution File, Format Version 12.00
# Visual Studio 15
VisualStudioVersion = 15.0.28010.2036
MinimumVisualStudioVersion = 10.0.40219.1
Project("{FAE04EC0-301F-11D3-BF4B-00C04F79EFBC}") = "StuffWithExcel.ConsoleApp", "StuffWithExcel.ConsoleApp\StuffWithExcel.ConsoleApp.csproj", "{1AA8E8CF-5C7C-4BF2-B72F-4F5CD9016FA4}"
EndProject
Project("{2150E333-8FDC-42A3-9474-1A3956D46DE8}") = "Solution Items", "Solution Items", "{0668A299-99E9-4B0F-A50E-C9FA830A6CAC}"
	ProjectSection(SolutionItems) = preProject
		RandomExcel.xlsx = RandomExcel.xlsx
	EndProjectSection
EndProject
Global
	GlobalSection(SolutionConfigurationPlatforms) = preSolution
		Debug|Any CPU = Debug|Any CPU
		Release|Any CPU = Release|Any CPU
	EndGlobalSection
	GlobalSection(ProjectConfigurationPlatforms) = postSolution
		{1AA8E8CF-5C7C-4BF2-B72F-4F5CD9016FA4}.Debug|Any CPU.ActiveCfg = Debug|Any CPU
		{1AA8E8CF-5C7C-4BF2-B72F-4F5CD9016FA4}.Debug|Any CPU.Build.0 = Debug|Any CPU
		{1AA8E8CF-5C7C-4BF2-B72F-4F5CD9016FA4}.Release|Any CPU.ActiveCfg = Release|Any CPU
		{1AA8E8CF-5C7C-4BF2-B72F-4F5CD9016FA4}.Release|Any CPU.Build.0 = Release|Any CPU
	EndGlobalSection
	GlobalSection(SolutionProperties) = preSolution
		HideSolutionNode = FALSE
	EndGlobalSection
	GlobalSection(ExtensibilityGlobals) = postSolution
		SolutionGuid = {FD5853CA-FAE7-477A-AA71-5618A9CAFB6F}
	EndGlobalSection
EndGlobal
